
Microsoft Visual Studio Solution File, Format Version 12.00
# Visual Studio Version 16
VisualStudioVersion = 16.0.29728.190
MinimumVisualStudioVersion = 10.0.40219.1
Project("{9A19103F-16F7-4668-BE54-9A1E7A4F7556}") = "Microservices.TaxasDeJuros.WebApi", "src\Microservices.TaxasDeJuros.WebApi\Microservices.TaxasDeJuros.WebApi.csproj", "{02D13E0D-17D7-459A-B2C9-836ACAF57313}"
EndProject
Project("{9A19103F-16F7-4668-BE54-9A1E7A4F7556}") = "Microservices.TaxasDeJuros.Services", "src\Microservices.TaxasDeJuros.Services\Microservices.TaxasDeJuros.Services.csproj", "{F2A3717B-7233-44E3-B2EB-4174A7663383}"
EndProject
Project("{9A19103F-16F7-4668-BE54-9A1E7A4F7556}") = "Microservices.TaxasDeJuros.Domain", "src\Microservices.TaxasDeJuros.Domain\Microservices.TaxasDeJuros.Domain.csproj", "{292C5F56-B8D5-42DE-922D-4A19018619DD}"
EndProject
Project("{9A19103F-16F7-4668-BE54-9A1E7A4F7556}") = "Microservices.TaxasDeJuros.Repositories", "src\Microservices.TaxasDeJuros.Repositories\Microservices.TaxasDeJuros.Repositories.csproj", "{EBC3ABEA-54D1-4DD4-9B80-9EAF632E0574}"
EndProject
Project("{9A19103F-16F7-4668-BE54-9A1E7A4F7556}") = "Microservices.TaxasDeJuros.Domain.Tests", "test\Microservices.TaxasDeJuros.Domain.Tests\Microservices.TaxasDeJuros.Domain.Tests.csproj", "{444E6DBD-DCBD-44AB-B872-BAC9E070A981}"
EndProject
Project("{2150E333-8FDC-42A3-9474-1A3956D46DE8}") = "src", "src", "{C6216CC8-3013-436A-A731-CE701591FC8E}"
EndProject
Project("{2150E333-8FDC-42A3-9474-1A3956D46DE8}") = "test", "test", "{A4D038BB-F9F5-4CEA-A424-20136545036E}"
EndProject
Project("{FAE04EC0-301F-11D3-BF4B-00C04F79EFBC}") = "Microservices.TaxasDeJuros.WebApi.IntegrationTests", "test\Microservices.TaxasDeJuros.WebApi.IntegrationTests\Microservices.TaxasDeJuros.WebApi.IntegrationTests.csproj", "{C4913034-AFBF-4519-84D7-30C5CDBA357A}"
EndProject
Project("{FAE04EC0-301F-11D3-BF4B-00C04F79EFBC}") = "Microservices.TaxasDeJuros.Domain.Abstractions", "src\Microservices.TaxasDeJuros.Domain.Abstractions\Microservices.TaxasDeJuros.Domain.Abstractions.csproj", "{694CF40B-E9E2-422E-AF25-5D579AD93B62}"
EndProject
Project("{FAE04EC0-301F-11D3-BF4B-00C04F79EFBC}") = "Microservices.TaxasDeJuros.Repositories.Abstractions", "src\Microservices.TaxasDeJuros.Repositories.Abstractions\Microservices.TaxasDeJuros.Repositories.Abstractions.csproj", "{0103880E-AEB2-4D2A-9168-85B59E658229}"
EndProject
Project("{FAE04EC0-301F-11D3-BF4B-00C04F79EFBC}") = "Microservices.TaxasDeJuros.Services.Abstractions", "src\Microservices.TaxasDeJuros.Services.Abstractions\Microservices.TaxasDeJuros.Services.Abstractions.csproj", "{0A5C8DB6-DAEA-43F1-8E8C-E388E228ECF8}"
EndProject
Project("{FAE04EC0-301F-11D3-BF4B-00C04F79EFBC}") = "Microservices.TaxasDeJuros.Services.Tests", "test\Microservices.TaxasDeJuros.Services.Tests\Microservices.TaxasDeJuros.Services.Tests.csproj", "{28098792-ED11-422C-9F14-F0E7D12B8F7E}"
EndProject
Global
	GlobalSection(SolutionConfigurationPlatforms) = preSolution
		Debug|Any CPU = Debug|Any CPU
		Release|Any CPU = Release|Any CPU
	EndGlobalSection
	GlobalSection(ProjectConfigurationPlatforms) = postSolution
		{02D13E0D-17D7-459A-B2C9-836ACAF57313}.Debug|Any CPU.ActiveCfg = Debug|Any CPU
		{02D13E0D-17D7-459A-B2C9-836ACAF57313}.Debug|Any CPU.Build.0 = Debug|Any CPU
		{02D13E0D-17D7-459A-B2C9-836ACAF57313}.Release|Any CPU.ActiveCfg = Release|Any CPU
		{02D13E0D-17D7-459A-B2C9-836ACAF57313}.Release|Any CPU.Build.0 = Release|Any CPU
		{F2A3717B-7233-44E3-B2EB-4174A7663383}.Debug|Any CPU.ActiveCfg = Debug|Any CPU
		{F2A3717B-7233-44E3-B2EB-4174A7663383}.Debug|Any CPU.Build.0 = Debug|Any CPU
		{F2A3717B-7233-44E3-B2EB-4174A7663383}.Release|Any CPU.ActiveCfg = Release|Any CPU
		{F2A3717B-7233-44E3-B2EB-4174A7663383}.Release|Any CPU.Build.0 = Release|Any CPU
		{292C5F56-B8D5-42DE-922D-4A19018619DD}.Debug|Any CPU.ActiveCfg = Debug|Any CPU
		{292C5F56-B8D5-42DE-922D-4A19018619DD}.Debug|Any CPU.Build.0 = Debug|Any CPU
		{292C5F56-B8D5-42DE-922D-4A19018619DD}.Release|Any CPU.ActiveCfg = Release|Any CPU
		{292C5F56-B8D5-42DE-922D-4A19018619DD}.Release|Any CPU.Build.0 = Release|Any CPU
		{EBC3ABEA-54D1-4DD4-9B80-9EAF632E0574}.Debug|Any CPU.ActiveCfg = Debug|Any CPU
		{EBC3ABEA-54D1-4DD4-9B80-9EAF632E0574}.Debug|Any CPU.Build.0 = Debug|Any CPU
		{EBC3ABEA-54D1-4DD4-9B80-9EAF632E0574}.Release|Any CPU.ActiveCfg = Release|Any CPU
		{EBC3ABEA-54D1-4DD4-9B80-9EAF632E0574}.Release|Any CPU.Build.0 = Release|Any CPU
		{444E6DBD-DCBD-44AB-B872-BAC9E070A981}.Debug|Any CPU.ActiveCfg = Debug|Any CPU
		{444E6DBD-DCBD-44AB-B872-BAC9E070A981}.Debug|Any CPU.Build.0 = Debug|Any CPU
		{444E6DBD-DCBD-44AB-B872-BAC9E070A981}.Release|Any CPU.ActiveCfg = Release|Any CPU
		{444E6DBD-DCBD-44AB-B872-BAC9E070A981}.Release|Any CPU.Build.0 = Release|Any CPU
		{C4913034-AFBF-4519-84D7-30C5CDBA357A}.Debug|Any CPU.ActiveCfg = Debug|Any CPU
		{C4913034-AFBF-4519-84D7-30C5CDBA357A}.Debug|Any CPU.Build.0 = Debug|Any CPU
		{C4913034-AFBF-4519-84D7-30C5CDBA357A}.Release|Any CPU.ActiveCfg = Release|Any CPU
		{C4913034-AFBF-4519-84D7-30C5CDBA357A}.Release|Any CPU.Build.0 = Release|Any CPU
		{694CF40B-E9E2-422E-AF25-5D579AD93B62}.Debug|Any CPU.ActiveCfg = Debug|Any CPU
		{694CF40B-E9E2-422E-AF25-5D579AD93B62}.Debug|Any CPU.Build.0 = Debug|Any CPU
		{694CF40B-E9E2-422E-AF25-5D579AD93B62}.Release|Any CPU.ActiveCfg = Release|Any CPU
		{694CF40B-E9E2-422E-AF25-5D579AD93B62}.Release|Any CPU.Build.0 = Release|Any CPU
		{0103880E-AEB2-4D2A-9168-85B59E658229}.Debug|Any CPU.ActiveCfg = Debug|Any CPU
		{0103880E-AEB2-4D2A-9168-85B59E658229}.Debug|Any CPU.Build.0 = Debug|Any CPU
		{0103880E-AEB2-4D2A-9168-85B59E658229}.Release|Any CPU.ActiveCfg = Release|Any CPU
		{0103880E-AEB2-4D2A-9168-85B59E658229}.Release|Any CPU.Build.0 = Release|Any CPU
		{0A5C8DB6-DAEA-43F1-8E8C-E388E228ECF8}.Debug|Any CPU.ActiveCfg = Debug|Any CPU
		{0A5C8DB6-DAEA-43F1-8E8C-E388E228ECF8}.Debug|Any CPU.Build.0 = Debug|Any CPU
		{0A5C8DB6-DAEA-43F1-8E8C-E388E228ECF8}.Release|Any CPU.ActiveCfg = Release|Any CPU
		{0A5C8DB6-DAEA-43F1-8E8C-E388E228ECF8}.Release|Any CPU.Build.0 = Release|Any CPU
		{28098792-ED11-422C-9F14-F0E7D12B8F7E}.Debug|Any CPU.ActiveCfg = Debug|Any CPU
		{28098792-ED11-422C-9F14-F0E7D12B8F7E}.Debug|Any CPU.Build.0 = Debug|Any CPU
		{28098792-ED11-422C-9F14-F0E7D12B8F7E}.Release|Any CPU.ActiveCfg = Release|Any CPU
		{28098792-ED11-422C-9F14-F0E7D12B8F7E}.Release|Any CPU.Build.0 = Release|Any CPU
	EndGlobalSection
	GlobalSection(SolutionProperties) = preSolution
		HideSolutionNode = FALSE
	EndGlobalSection
	GlobalSection(NestedProjects) = preSolution
		{02D13E0D-17D7-459A-B2C9-836ACAF57313} = {C6216CC8-3013-436A-A731-CE701591FC8E}
		{F2A3717B-7233-44E3-B2EB-4174A7663383} = {C6216CC8-3013-436A-A731-CE701591FC8E}
		{292C5F56-B8D5-42DE-922D-4A19018619DD} = {C6216CC8-3013-436A-A731-CE701591FC8E}
		{EBC3ABEA-54D1-4DD4-9B80-9EAF632E0574} = {C6216CC8-3013-436A-A731-CE701591FC8E}
		{444E6DBD-DCBD-44AB-B872-BAC9E070A981} = {A4D038BB-F9F5-4CEA-A424-20136545036E}
		{C4913034-AFBF-4519-84D7-30C5CDBA357A} = {A4D038BB-F9F5-4CEA-A424-20136545036E}
		{694CF40B-E9E2-422E-AF25-5D579AD93B62} = {C6216CC8-3013-436A-A731-CE701591FC8E}
		{0103880E-AEB2-4D2A-9168-85B59E658229} = {C6216CC8-3013-436A-A731-CE701591FC8E}
		{0A5C8DB6-DAEA-43F1-8E8C-E388E228ECF8} = {C6216CC8-3013-436A-A731-CE701591FC8E}
		{28098792-ED11-422C-9F14-F0E7D12B8F7E} = {A4D038BB-F9F5-4CEA-A424-20136545036E}
	EndGlobalSection
	GlobalSection(ExtensibilityGlobals) = postSolution
		SolutionGuid = {2FA96CD9-6641-4307-889C-DDC15F96F6DE}
	EndGlobalSection
EndGlobal
